# THIS IS AN AUTOGENERATED FILE. DO NOT EDIT THIS FILE DIRECTLY.
# yarn lockfile v1


"@jridgewell/sourcemap-codec@^1.4.13":
  version "1.4.15"
  resolved "https://registry.npmjs.org/@jridgewell/sourcemap-codec/-/sourcemap-codec-1.4.15.tgz"
  integrity sha512-eF2rxCRulEKXHTRiDrDy6erMYWqNw4LPdQ8UQA4huuxaQsVeRPFl2oM8oDGxMFhJUWZf9McpLtJasDDZb/Bpeg==

"@next/bundle-analyzer@^13.1.6":
  version "13.4.3"
  resolved "https://registry.npmjs.org/@next/bundle-analyzer/-/bundle-analyzer-13.4.3.tgz"
  integrity sha512-jzWk6eaCFaIXfIswyQQWnR6FN22HpWoSWe3nLa3JCNkNd2ksriJgn86oQyZRxgAPaEbVKQXBp8GZi8e5DrhVJg==
  dependencies:
    webpack-bundle-analyzer "4.7.0"

"@next/env@12.2.2":
  version "12.2.2"
  resolved "https://registry.npmjs.org/@next/env/-/env-12.2.2.tgz"
  integrity sha512-BqDwE4gDl1F608TpnNxZqrCn6g48MBjvmWFEmeX5wEXDXh3IkAOw6ASKUgjT8H4OUePYFqghDFUss5ZhnbOUjw==

"@next/swc-android-arm-eabi@12.2.2":
  version "12.2.2"
  resolved "https://registry.yarnpkg.com/@next/swc-android-arm-eabi/-/swc-android-arm-eabi-12.2.2.tgz#f6c4111e6371f73af6bf80c9accb3d96850a92cd"
  integrity sha512-VHjuCHeq9qCprUZbsRxxM/VqSW8MmsUtqB5nEpGEgUNnQi/BTm/2aK8tl7R4D0twGKRh6g1AAeFuWtXzk9Z/vQ==

"@next/swc-android-arm64@12.2.2":
  version "12.2.2"
  resolved "https://registry.yarnpkg.com/@next/swc-android-arm64/-/swc-android-arm64-12.2.2.tgz#b69de59c51e631a7600439e7a8993d6e82f3369e"
  integrity sha512-v5EYzXUOSv0r9mO/2PX6mOcF53k8ndlu9yeFHVAWW1Dhw2jaJcvTRcCAwYYN8Q3tDg0nH3NbEltJDLKmcJOuVA==

"@next/swc-darwin-arm64@12.2.2":
  version "12.2.2"
  resolved "https://registry.yarnpkg.com/@next/swc-darwin-arm64/-/swc-darwin-arm64-12.2.2.tgz#80157c91668eff95b72d052428c353eab0fc4c50"
  integrity sha512-JCoGySHKGt+YBk7xRTFGx1QjrnCcwYxIo3yGepcOq64MoiocTM3yllQWeOAJU2/k9MH0+B5E9WUSme4rOCBbpA==

"@next/swc-darwin-x64@12.2.2":
  version "12.2.2"
  resolved "https://registry.yarnpkg.com/@next/swc-darwin-x64/-/swc-darwin-x64-12.2.2.tgz#12be2f58e676fccff3d48a62921b9927ed295133"
  integrity sha512-dztDtvfkhUqiqpXvrWVccfGhLe44yQ5tQ7B4tBfnsOR6vxzI9DNPHTlEOgRN9qDqTAcFyPxvg86mn4l8bB9Jcw==

"@next/swc-freebsd-x64@12.2.2":
  version "12.2.2"
  resolved "https://registry.yarnpkg.com/@next/swc-freebsd-x64/-/swc-freebsd-x64-12.2.2.tgz#de1363431a49059f1efb8c0f86ce6a79c53b3a95"
  integrity sha512-JUnXB+2xfxqsAvhFLPJpU1NeyDsvJrKoOjpV7g3Dxbno2Riu4tDKn3kKF886yleAuD/1qNTUCpqubTvbbT2VoA==

"@next/swc-linux-arm-gnueabihf@12.2.2":
  version "12.2.2"
  resolved "https://registry.yarnpkg.com/@next/swc-linux-arm-gnueabihf/-/swc-linux-arm-gnueabihf-12.2.2.tgz#d5b8e0d1bb55bbd9db4d2fec018217471dc8b9e6"
  integrity sha512-XeYC/qqPLz58R4pjkb+x8sUUxuGLnx9QruC7/IGkK68yW4G17PHwKI/1njFYVfXTXUukpWjcfBuauWwxp9ke7Q==

"@next/swc-linux-arm64-gnu@12.2.2":
  version "12.2.2"
  resolved "https://registry.yarnpkg.com/@next/swc-linux-arm64-gnu/-/swc-linux-arm64-gnu-12.2.2.tgz#3bc75984e1d5ec8f59eb53702cc382d8e1be2061"
  integrity sha512-d6jT8xgfKYFkzR7J0OHo2D+kFvY/6W8qEo6/hmdrTt6AKAqxs//rbbcdoyn3YQq1x6FVUUd39zzpezZntg9Naw==

"@next/swc-linux-arm64-musl@12.2.2":
  version "12.2.2"
  resolved "https://registry.yarnpkg.com/@next/swc-linux-arm64-musl/-/swc-linux-arm64-musl-12.2.2.tgz#270db73e07a18d999f61e79a917943fa5bc1ef56"
  integrity sha512-rIZRFxI9N/502auJT1i7coas0HTHUM+HaXMyJiCpnY8Rimbo0495ir24tzzHo3nQqJwcflcPTwEh/DV17sdv9A==

"@next/swc-linux-x64-gnu@12.2.2":
  version "12.2.2"
  resolved "https://registry.npmjs.org/@next/swc-linux-x64-gnu/-/swc-linux-x64-gnu-12.2.2.tgz"
  integrity sha512-ir1vNadlUDj7eQk15AvfhG5BjVizuCHks9uZwBfUgT5jyeDCeRvaDCo1+Q6+0CLOAnYDR/nqSCvBgzG2UdFh9A==

"@next/swc-linux-x64-musl@12.2.2":
  version "12.2.2"
  resolved "https://registry.npmjs.org/@next/swc-linux-x64-musl/-/swc-linux-x64-musl-12.2.2.tgz"
  integrity sha512-bte5n2GzLN3O8JdSFYWZzMgEgDHZmRz5wiispiiDssj4ik3l8E7wq/czNi8RmIF+ioj2sYVokUNa/ekLzrESWw==

"@next/swc-win32-arm64-msvc@12.2.2":
  version "12.2.2"
  resolved "https://registry.yarnpkg.com/@next/swc-win32-arm64-msvc/-/swc-win32-arm64-msvc-12.2.2.tgz#18fa7ec7248da3a7926a0601d9ececc53ac83157"
  integrity sha512-ZUGCmcDmdPVSAlwJ/aD+1F9lYW8vttseiv4n2+VCDv5JloxiX9aY32kYZaJJO7hmTLNrprvXkb4OvNuHdN22Jg==

"@next/swc-win32-ia32-msvc@12.2.2":
  version "12.2.2"
  resolved "https://registry.yarnpkg.com/@next/swc-win32-ia32-msvc/-/swc-win32-ia32-msvc-12.2.2.tgz#54936e84f4a219441d051940354da7cd3eafbb4f"
  integrity sha512-v7ykeEDbr9eXiblGSZiEYYkWoig6sRhAbLKHUHQtk8vEWWVEqeXFcxmw6LRrKu5rCN1DY357UlYWToCGPQPCRA==

"@next/swc-win32-x64-msvc@12.2.2":
  version "12.2.2"
  resolved "https://registry.yarnpkg.com/@next/swc-win32-x64-msvc/-/swc-win32-x64-msvc-12.2.2.tgz#7460be700a60d75816f01109400b51fe929d7e89"
  integrity sha512-2D2iinWUL6xx8D9LYVZ5qi7FP6uLAoWymt8m8aaG2Ld/Ka8/k723fJfiklfuAcwOxfufPJI+nRbT5VcgHGzHAQ==

"@polka/url@^1.0.0-next.20":
  version "1.0.0-next.21"
  resolved "https://registry.npmjs.org/@polka/url/-/url-1.0.0-next.21.tgz"
  integrity sha512-a5Sab1C4/icpTZVzZc5Ghpz88yQtGOyNqYXcZgOssB2uuAr+wF/MvN6bgtW32q7HHrvBki+BsZ0OuNv6EV3K9g==

"@rollup/plugin-commonjs@24.0.0":
  version "24.0.0"
  resolved "https://registry.npmjs.org/@rollup/plugin-commonjs/-/plugin-commonjs-24.0.0.tgz"
  integrity sha512-0w0wyykzdyRRPHOb0cQt14mIBLujfAv6GgP6g8nvg/iBxEm112t3YPPq+Buqe2+imvElTka+bjNlJ/gB56TD8g==
  dependencies:
    "@rollup/pluginutils" "^5.0.1"
    commondir "^1.0.1"
    estree-walker "^2.0.2"
    glob "^8.0.3"
    is-reference "1.2.1"
    magic-string "^0.27.0"

"@rollup/pluginutils@^5.0.1":
  version "5.0.2"
  resolved "https://registry.npmjs.org/@rollup/pluginutils/-/pluginutils-5.0.2.tgz"
  integrity sha512-pTd9rIsP92h+B6wWwFbW8RkZv4hiR/xKsqre4SIuAOaOEQRxi0lqLke9k2/7WegC85GgUs9pjmOjCUi3In4vwA==
  dependencies:
    "@types/estree" "^1.0.0"
    estree-walker "^2.0.2"
    picomatch "^2.3.1"

"@sentry-internal/tracing@7.45.0":
  version "7.45.0"
  resolved "https://registry.npmjs.org/@sentry-internal/tracing/-/tracing-7.45.0.tgz"
  integrity sha512-0aIDY2OvUX7k2XHaimOlWkboXoQvJ9dEKvfpu0Wh0YxfUTGPa+wplUdg3WVdkk018sq1L11MKmj4MPZyYUvXhw==
  dependencies:
    "@sentry/core" "7.45.0"
    "@sentry/types" "7.45.0"
    "@sentry/utils" "7.45.0"
    tslib "^1.9.3"

"@sentry/browser@7.45.0":
  version "7.45.0"
  resolved "https://registry.npmjs.org/@sentry/browser/-/browser-7.45.0.tgz"
  integrity sha512-/dUrUwnI34voMj+jSJT7b5Jun+xy1utVyzzwTq3Oc22N+SB17ZOX9svZ4jl1Lu6tVJPVjPyvL6zlcbrbMwqFjg==
  dependencies:
    "@sentry-internal/tracing" "7.45.0"
    "@sentry/core" "7.45.0"
    "@sentry/replay" "7.45.0"
    "@sentry/types" "7.45.0"
    "@sentry/utils" "7.45.0"
    tslib "^1.9.3"

"@sentry/cli@^1.74.6":
  version "1.75.2"
  resolved "https://registry.npmjs.org/@sentry/cli/-/cli-1.75.2.tgz"
  integrity sha512-CG0CKH4VCKWzEaegouWfCLQt9SFN+AieFESCatJ7zSuJmzF05ywpMusjxqRul6lMwfUhRKjGKOzcRJ1jLsfTBw==
  dependencies:
    https-proxy-agent "^5.0.0"
    mkdirp "^0.5.5"
    node-fetch "^2.6.7"
    progress "^2.0.3"
    proxy-from-env "^1.1.0"
    which "^2.0.2"

"@sentry/core@7.45.0":
  version "7.45.0"
  resolved "https://registry.npmjs.org/@sentry/core/-/core-7.45.0.tgz"
  integrity sha512-xJfdTS4lRmHvZI/A5MazdnKhBJFkisKu6G9EGNLlZLre+6W4PH5sb7QX4+xoBdqG7v10Jvdia112vi762ojO2w==
  dependencies:
    "@sentry/types" "7.45.0"
    "@sentry/utils" "7.45.0"
    tslib "^1.9.3"

"@sentry/integrations@7.45.0":
  version "7.45.0"
  resolved "https://registry.npmjs.org/@sentry/integrations/-/integrations-7.45.0.tgz"
  integrity sha512-2lwBACr7w9YmnilndRH+39Ow97DJIZUPsDMlppu2NNFEZl2fBDpl+YWh7rxuMIpsOKqZkgxVhxWuoZL9gcWvEA==
  dependencies:
    "@sentry/types" "7.45.0"
    "@sentry/utils" "7.45.0"
    localforage "^1.8.1"
    tslib "^1.9.3"

"@sentry/nextjs@7.45.0":
  version "7.45.0"
  resolved "https://registry.npmjs.org/@sentry/nextjs/-/nextjs-7.45.0.tgz"
  integrity sha512-JEWM3g0X1a57qY6PpCFUYr/Zigyl/AlmVwl8RbAS9J4LF5M6wD9CXSFIGOtS+Pt3KoxJCgiUsRJg+KCsszIcCg==
  dependencies:
    "@rollup/plugin-commonjs" "24.0.0"
    "@sentry/core" "7.45.0"
    "@sentry/integrations" "7.45.0"
    "@sentry/node" "7.45.0"
    "@sentry/react" "7.45.0"
    "@sentry/types" "7.45.0"
    "@sentry/utils" "7.45.0"
    "@sentry/webpack-plugin" "1.20.0"
    chalk "3.0.0"
    rollup "2.78.0"
    stacktrace-parser "^0.1.10"
    tslib "^1.9.3"

"@sentry/node@7.45.0":
  version "7.45.0"
  resolved "https://registry.npmjs.org/@sentry/node/-/node-7.45.0.tgz"
  integrity sha512-x8mq+DrJWpSi716Rap/2w70DKWD8vjl87Y70OYFu+Dn6CxWDHClObSxLzuJcE5lww0Sq9RnU6UHQWzjXSb/pVQ==
  dependencies:
    "@sentry-internal/tracing" "7.45.0"
    "@sentry/core" "7.45.0"
    "@sentry/types" "7.45.0"
    "@sentry/utils" "7.45.0"
    cookie "^0.4.1"
    https-proxy-agent "^5.0.0"
    lru_map "^0.3.3"
    tslib "^1.9.3"

"@sentry/react@7.45.0":
  version "7.45.0"
  resolved "https://registry.npmjs.org/@sentry/react/-/react-7.45.0.tgz"
  integrity sha512-Dbz85nfvMUikbLHUuIt6fBNPmTvThFn+rWB5KS1NIOJifyWAdpIU3X7yCUJE5xhsUObNLiHlNJlqhaQI4nR1bQ==
  dependencies:
    "@sentry/browser" "7.45.0"
    "@sentry/types" "7.45.0"
    "@sentry/utils" "7.45.0"
    hoist-non-react-statics "^3.3.2"
    tslib "^1.9.3"

"@sentry/replay@7.45.0":
  version "7.45.0"
  resolved "https://registry.npmjs.org/@sentry/replay/-/replay-7.45.0.tgz"
  integrity sha512-smM7FIcFIyKu30BqCl8BzLo1gH/z9WwXdGX6V0fNvHab9fJZ09+xjFn+LmIyo6N8H8jjwsup0+yQ12kiF/ZsEw==
  dependencies:
    "@sentry/core" "7.45.0"
    "@sentry/types" "7.45.0"
    "@sentry/utils" "7.45.0"

"@sentry/types@7.45.0":
  version "7.45.0"
  resolved "https://registry.npmjs.org/@sentry/types/-/types-7.45.0.tgz"
  integrity sha512-iFt7msfUK8LCodFF3RKUyaxy9tJv/gpWhzxUFyNxtuVwlpmd+q6mtsFGn8Af3pbpm8A+MKyz1ebMwXj0PQqknw==

"@sentry/utils@7.45.0":
  version "7.45.0"
  resolved "https://registry.npmjs.org/@sentry/utils/-/utils-7.45.0.tgz"
  integrity sha512-aTY7qqtNUudd09SH5DVSKMm3iQ6ZeWufduc0I9bPZe6UMM09BDc4KmjmrzRkdQ+VaOmHo7+v+HZKQk5f+AbuTQ==
  dependencies:
    "@sentry/types" "7.45.0"
    tslib "^1.9.3"

"@sentry/webpack-plugin@1.20.0":
  version "1.20.0"
  resolved "https://registry.npmjs.org/@sentry/webpack-plugin/-/webpack-plugin-1.20.0.tgz"
  integrity sha512-Ssj1mJVFsfU6vMCOM2d+h+KQR7QHSfeIP16t4l20Uq/neqWXZUQ2yvQfe4S3BjdbJXz/X4Rw8Hfy1Sd0ocunYw==
  dependencies:
    "@sentry/cli" "^1.74.6"
    webpack-sources "^2.0.0 || ^3.0.0"

"@swc/helpers@0.4.2":
  version "0.4.2"
  resolved "https://registry.npmjs.org/@swc/helpers/-/helpers-0.4.2.tgz"
  integrity sha512-556Az0VX7WR6UdoTn4htt/l3zPQ7bsQWK+HqdG4swV7beUCxo/BqmvbOpUkTIm/9ih86LIf1qsUnywNL3obGHw==
  dependencies:
    tslib "^2.4.0"

"@types/estree@*", "@types/estree@^1.0.0":
  version "1.0.1"
  resolved "https://registry.npmjs.org/@types/estree/-/estree-1.0.1.tgz"
  integrity sha512-LG4opVs2ANWZ1TJoKc937iMmNstM/d0ae1vNbnBvBhqCSezgVUOzcLCqbI5elV8Vy6WKwKjaqR+zO9VKirBBCA==

"@types/json-schema@^7.0.8":
  version "7.0.11"
  resolved "https://registry.npmjs.org/@types/json-schema/-/json-schema-7.0.11.tgz"
  integrity sha512-wOuvG1SN4Us4rez+tylwwwCV1psiNVOkJeM3AUWUNWg/jDQY2+HE/444y5gc+jBmRqASOm2Oeh5c1axHobwRKQ==

"@types/node@14.14.0":
  version "14.14.0"
  resolved "https://registry.npmjs.org/@types/node/-/node-14.14.0.tgz"
  integrity sha512-BfbIHP9IapdupGhq/hc+jT5dyiBVZ2DdeC5WwJWQWDb0GijQlzUFAeIQn/2GtvZcd2HVUU7An8felIICFTC2qg==

"@types/prop-types@*":
  version "15.7.3"
  resolved "https://registry.npmjs.org/@types/prop-types/-/prop-types-15.7.3.tgz"
  integrity sha512-KfRL3PuHmqQLOG+2tGpRO26Ctg+Cq1E01D2DMriKEATHgWLfeNDmq9e29Q9WIky0dQ3NPkd1mzYH8Lm936Z9qw==

"@types/react-dom@17.0.6":
  version "17.0.6"
  resolved "https://registry.npmjs.org/@types/react-dom/-/react-dom-17.0.6.tgz"
  integrity sha512-MGTI+TudxAnGTj8aco8mogaPSJGK2Whje7OZh1CxNLRyhJpTZg/pGQpIbCT0eCVFQyH7UFpdvCqQEThHIp/gsA==
  dependencies:
    "@types/react" "*"

"@types/react@*":
  version "16.9.11"
  resolved "https://registry.npmjs.org/@types/react/-/react-16.9.11.tgz"
  integrity sha512-UBT4GZ3PokTXSWmdgC/GeCGEJXE5ofWyibCcecRLUVN2ZBpXQGVgQGtG2foS7CrTKFKlQVVswLvf7Js6XA/CVQ==
  dependencies:
    "@types/prop-types" "*"
    csstype "^2.2.0"

"@types/react@17.0.36":
  version "17.0.36"
  resolved "https://registry.npmjs.org/@types/react/-/react-17.0.36.tgz"
  integrity sha512-CUFUp01OdfbpN/76v4koqgcpcRGT3sYOq3U3N6q0ZVGcyeP40NUdVU+EWe3hs34RNaTefiYyBzOpxBBidCc5zw==
  dependencies:
    "@types/prop-types" "*"
    "@types/scheduler" "*"
    csstype "^3.0.2"

"@types/scheduler@*":
  version "0.16.3"
  resolved "https://registry.npmjs.org/@types/scheduler/-/scheduler-0.16.3.tgz"
  integrity sha512-5cJ8CB4yAx7BH1oMvdU0Jh9lrEXyPkar6F9G/ERswkCuvP4KQZfZkSjcMbAICCpQTN4OuZn8tz0HiKv9TGZgrQ==

acorn-walk@^8.0.0:
  version "8.2.0"
  resolved "https://registry.npmjs.org/acorn-walk/-/acorn-walk-8.2.0.tgz"
  integrity sha512-k+iyHEuPgSw6SbuDpGQM+06HQUa04DZ3o+F6CSzXMvvI5KMvnaEqXe+YVe555R9nn6GPt404fos4wcgpw12SDA==

acorn@^8.0.4:
  version "8.8.2"
  resolved "https://registry.npmjs.org/acorn/-/acorn-8.8.2.tgz"
  integrity sha512-xjIYgE8HBrkpd/sJqOGNspf8uHG+NOHGOw6a/Urj8taM2EXfdNAH2oFcPeIFfsv3+kz/mJrS5VuMqbNLjCa2vw==

agent-base@6:
  version "6.0.2"
  resolved "https://registry.npmjs.org/agent-base/-/agent-base-6.0.2.tgz"
  integrity sha512-RZNwNclF7+MS/8bDg70amg32dyeZGZxiDuQmZxKLAlQjr3jGyLx+4Kkk58UO7D2QdgFIQCovuSuZESne6RG6XQ==
  dependencies:
    debug "4"

ajv-keywords@^3.5.2:
  version "3.5.2"
  resolved "https://registry.npmjs.org/ajv-keywords/-/ajv-keywords-3.5.2.tgz"
  integrity sha512-5p6WTN0DdTGVQk6VjcEju19IgaHudalcfabD7yhDGeA6bcQnmL+CpveLJq/3hvfwd1aof6L386Ougkx6RfyMIQ==

ajv@^6.12.5:
  version "6.12.6"
  resolved "https://registry.npmjs.org/ajv/-/ajv-6.12.6.tgz"
  integrity sha512-j3fVLgvTo527anyYyJOGTYJbG+vnnQYvE0m5mmkc1TK+nxAppkCLMIL0aZ4dblVCNoGShhm+kzE4ZUykBoMg4g==
  dependencies:
    fast-deep-equal "^3.1.1"
    fast-json-stable-stringify "^2.0.0"
    json-schema-traverse "^0.4.1"
    uri-js "^4.2.2"

ansi-styles@^4.1.0:
  version "4.3.0"
  resolved "https://registry.npmjs.org/ansi-styles/-/ansi-styles-4.3.0.tgz"
  integrity sha512-zbB9rCJAT1rbjiVDb2hqKFHNYLxgtk8NURxZ3IZwD3F6NtxbXZQCnnSi1Lkx+IDohdPlFp222wVALIheZJQSEg==
  dependencies:
    color-convert "^2.0.1"

balanced-match@^1.0.0:
  version "1.0.0"
  resolved "https://registry.npmjs.org/balanced-match/-/balanced-match-1.0.0.tgz"
  integrity sha1-ibTRmasr7kneFk6gK4nORi1xt2c=

big.js@^5.2.2:
  version "5.2.2"
  resolved "https://registry.npmjs.org/big.js/-/big.js-5.2.2.tgz"
  integrity sha512-vyL2OymJxmarO8gxMr0mhChsO9QGwhynfuu4+MHTAW6czfq9humCB7rKpUjDd9YUiDPU4mzpyupFSvOClAwbmQ==

brace-expansion@^2.0.1:
  version "2.0.1"
  resolved "https://registry.npmjs.org/brace-expansion/-/brace-expansion-2.0.1.tgz"
  integrity sha512-XnAIvQ8eM+kC6aULx6wuQiwVsnzsi9d3WxzV3FpWTGA19F621kwdbsAcFKXgKUHZWsy+mY6iL1sHTxWEFCytDA==
  dependencies:
    balanced-match "^1.0.0"

caniuse-lite@^1.0.30001332:
  version "1.0.30001489"
  resolved "https://registry.npmjs.org/caniuse-lite/-/caniuse-lite-1.0.30001489.tgz"
  integrity sha512-x1mgZEXK8jHIfAxm+xgdpHpk50IN3z3q3zP261/WS+uvePxW8izXuCu6AHz0lkuYTlATDehiZ/tNyYBdSQsOUQ==

chalk@3.0.0:
  version "3.0.0"
  resolved "https://registry.npmjs.org/chalk/-/chalk-3.0.0.tgz"
  integrity sha512-4D3B6Wf41KOYRFdszmDqMCGq5VV/uMAB273JILmO+3jAlh8X4qDtdtgCR3fxtbLEMzSx22QdhnDcJvu2u1fVwg==
  dependencies:
    ansi-styles "^4.1.0"
    supports-color "^7.1.0"

chalk@^4.1.0:
  version "4.1.2"
  resolved "https://registry.npmjs.org/chalk/-/chalk-4.1.2.tgz"
  integrity sha512-oKnbhFyRIXpUuez8iBMmyEa4nbj4IOQyuhc/wy9kY7/WVPcwIO9VA668Pu8RkO7+0G76SLROeyw9CpQ061i4mA==
  dependencies:
    ansi-styles "^4.1.0"
    supports-color "^7.1.0"

color-convert@^2.0.1:
  version "2.0.1"
  resolved "https://registry.npmjs.org/color-convert/-/color-convert-2.0.1.tgz"
  integrity sha512-RRECPsj7iu/xb5oKYcsFHSppFNnsj/52OVTRKb4zP5onXwVF3zVmmToNcOfGC+CRDpfK/U584fMg38ZHCaElKQ==
  dependencies:
    color-name "~1.1.4"

color-name@~1.1.4:
  version "1.1.4"
  resolved "https://registry.npmjs.org/color-name/-/color-name-1.1.4.tgz"
  integrity sha512-dOy+3AuW3a2wNbZHIuMZpTcgjGuLU/uBL/ubcZF9OXbDo8ff4O8yVp5Bf0efS8uEoYo5q4Fx7dY9OgQGXgAsQA==

commander@^7.2.0:
  version "7.2.0"
  resolved "https://registry.npmjs.org/commander/-/commander-7.2.0.tgz"
  integrity sha512-QrWXB+ZQSVPmIWIhtEO9H+gwHaMGYiF5ChvoJ+K9ZGHG/sVsa6yiesAD1GC/x46sET00Xlwo1u49RVVVzvcSkw==

commondir@^1.0.1:
  version "1.0.1"
  resolved "https://registry.npmjs.org/commondir/-/commondir-1.0.1.tgz"
  integrity sha1-3dgA2gxmEnOTzKWVDqloo6rxJTs=

cookie@^0.4.1:
  version "0.4.2"
  resolved "https://registry.npmjs.org/cookie/-/cookie-0.4.2.tgz"
  integrity sha512-aSWTXFzaKWkvHO1Ny/s+ePFpvKsPnjc551iI41v3ny/ow6tBG5Vd+FuqGNhh1LxOmVzOlGUriIlOaokOvhaStA==

csstype@^2.2.0:
  version "2.6.7"
  resolved "https://registry.npmjs.org/csstype/-/csstype-2.6.7.tgz"
  integrity sha512-9Mcn9sFbGBAdmimWb2gLVDtFJzeKtDGIr76TUqmjZrw9LFXBMSU70lcs+C0/7fyCd6iBDqmksUcCOUIkisPHsQ==

csstype@^3.0.2:
  version "3.1.2"
  resolved "https://registry.npmjs.org/csstype/-/csstype-3.1.2.tgz"
  integrity sha512-I7K1Uu0MBPzaFKg4nI5Q7Vs2t+3gWWW648spaF+Rg7pI9ds18Ugn+lvg4SHczUdKlHI5LWBXyqfS8+DufyBsgQ==

debug@4:
  version "4.3.4"
  resolved "https://registry.npmjs.org/debug/-/debug-4.3.4.tgz"
  integrity sha512-PRWFHuSU3eDtQJPvnNY7Jcket1j0t5OuOsFzPPzsekD52Zl8qUfFIPEiswXqIvHWGVHOgX+7G/vCNNhehwxfkQ==
  dependencies:
    ms "2.1.2"

duplexer@^0.1.2:
  version "0.1.2"
  resolved "https://registry.npmjs.org/duplexer/-/duplexer-0.1.2.tgz"
  integrity sha512-jtD6YG370ZCIi/9GTaJKQxWTZD045+4R4hTk/x1UyoqadyJ9x9CgSi1RlVDQF8U2sxLLSnFkCaMihqljHIWgMg==

emojis-list@^3.0.0:
  version "3.0.0"
  resolved "https://registry.npmjs.org/emojis-list/-/emojis-list-3.0.0.tgz"
  integrity sha512-/kyM18EfinwXZbno9FyUGeFh87KC8HRQBQGildHZbEuRyWFOmv1U10o9BBp8XVZDVNNuQKyIGIu5ZYAAXJ0V2Q==

enhanced-resolve@^5.10.0:
  version "5.14.0"
  resolved "https://registry.npmjs.org/enhanced-resolve/-/enhanced-resolve-5.14.0.tgz"
  integrity sha512-+DCows0XNwLDcUhbFJPdlQEVnT2zXlCv7hPxemTz86/O+B/hCQ+mb7ydkPKiflpVraqLPCAfu7lDy+hBXueojw==
  dependencies:
    graceful-fs "^4.2.4"
    tapable "^2.2.0"

escalade@^3.1.1:
  version "3.1.1"
  resolved "https://registry.npmjs.org/escalade/-/escalade-3.1.1.tgz"
  integrity sha512-k0er2gUkLf8O0zKJiAhmkTnJlTvINGv7ygDNPbeIsX/TJjGJZHuh9B2UxbsaEkmlEo9MfhrSzmhIlhRlI2GXnw==

estree-walker@^2.0.2:
  version "2.0.2"
  resolved "https://registry.npmjs.org/estree-walker/-/estree-walker-2.0.2.tgz"
  integrity sha512-Rfkk/Mp/DL7JVje3u18FxFujQlTNR2q6QfMSMB7AvCBx91NGj/ba3kCfza0f6dVDbw7YlRf/nDrn7pQrCCyQ/w==

fast-deep-equal@^3.1.1:
  version "3.1.3"
  resolved "https://registry.npmjs.org/fast-deep-equal/-/fast-deep-equal-3.1.3.tgz"
  integrity sha512-f3qQ9oQy9j2AhBe/H9VC91wLmKBCCU/gDOnKNAYG5hswO7BLKj09Hc5HYNz9cGI++xlpDCIgDaitVs03ATR84Q==

fast-json-stable-stringify@^2.0.0:
  version "2.0.0"
  resolved "https://registry.npmjs.org/fast-json-stable-stringify/-/fast-json-stable-stringify-2.0.0.tgz"
  integrity sha1-1RQsDK7msRifh9OnYREGT4bIu/I=

file-loader@^6.0.0:
  version "6.2.0"
  resolved "https://registry.npmjs.org/file-loader/-/file-loader-6.2.0.tgz"
  integrity sha512-qo3glqyTa61Ytg4u73GultjHGjdRyig3tG6lPtyX/jOEJvHif9uB0/OCI2Kif6ctF3caQTW2G5gym21oAsI4pw==
  dependencies:
    loader-utils "^2.0.0"
    schema-utils "^3.0.0"

fs.realpath@^1.0.0:
  version "1.0.0"
  resolved "https://registry.npmjs.org/fs.realpath/-/fs.realpath-1.0.0.tgz"
  integrity sha1-FQStJSMVjKpA20onh8sBQRmU6k8=

fsevents@~2.3.2:
  version "2.3.2"
  resolved "https://registry.yarnpkg.com/fsevents/-/fsevents-2.3.2.tgz#8a526f78b8fdf4623b709e0b975c52c24c02fd1a"
  integrity sha512-xiqMQR4xAeHTuB9uWm+fFRcIOgKBMiOBP+eXiyT7jsgVCq1bkVygt00oASowB7EdtpOHaaPgKt812P9ab+DDKA==

glob@^8.0.3:
  version "8.1.0"
  resolved "https://registry.npmjs.org/glob/-/glob-8.1.0.tgz"
  integrity sha512-r8hpEjiQEYlF2QU0df3dS+nxxSIreXQS1qRhMJM0Q5NDdR386C7jb7Hwwod8Fgiuex+k0GFjgft18yvxm5XoCQ==
  dependencies:
    fs.realpath "^1.0.0"
    inflight "^1.0.4"
    inherits "2"
    minimatch "^5.0.1"
    once "^1.3.0"

graceful-fs@^4.2.4:
  version "4.2.11"
  resolved "https://registry.npmjs.org/graceful-fs/-/graceful-fs-4.2.11.tgz"
  integrity sha512-RbJ5/jmFcNNCcDV5o9eTnBLJ/HszWV0P73bc+Ff4nS/rJj+YaS6IGyiOL0VoBYX+l1Wrl3k63h/KrH+nhJ0XvQ==

gzip-size@^6.0.0:
  version "6.0.0"
  resolved "https://registry.npmjs.org/gzip-size/-/gzip-size-6.0.0.tgz"
  integrity sha512-ax7ZYomf6jqPTQ4+XCpUGyXKHk5WweS+e05MBO4/y3WJ5RkmPXNKvX+bx1behVILVwr6JSQvZAku021CHPXG3Q==
  dependencies:
    duplexer "^0.1.2"

has-flag@^4.0.0:
  version "4.0.0"
  resolved "https://registry.npmjs.org/has-flag/-/has-flag-4.0.0.tgz"
  integrity sha512-EykJT/Q1KjTWctppgIAgfSO0tKVuZUjhgMr17kqTumMl6Afv3EISleU7qZUzoXDFTAHTDC4NOoG/ZxU3EvlMPQ==

hoist-non-react-statics@^3.3.2:
  version "3.3.2"
  resolved "https://registry.npmjs.org/hoist-non-react-statics/-/hoist-non-react-statics-3.3.2.tgz"
  integrity sha512-/gGivxi8JPKWNm/W0jSmzcMPpfpPLc3dY/6GxhX2hQ9iGj3aDfklV4ET7NjKpSinLpJ5vafa9iiGIEZg10SfBw==
  dependencies:
    react-is "^16.7.0"

https-proxy-agent@^5.0.0:
  version "5.0.1"
  resolved "https://registry.npmjs.org/https-proxy-agent/-/https-proxy-agent-5.0.1.tgz"
  integrity sha512-dFcAjpTQFgoLMzC2VwU+C/CbS7uRL0lWmxDITmqm7C+7F0Odmj6s9l6alZc6AELXhrnggM2CeWSXHGOdX2YtwA==
  dependencies:
    agent-base "6"
    debug "4"

immediate@~3.0.5:
  version "3.0.6"
  resolved "https://registry.npmjs.org/immediate/-/immediate-3.0.6.tgz"
  integrity sha512-XXOFtyqDjNDAQxVfYxuF7g9Il/IbWmmlQg2MYKOH8ExIT1qg6xc4zyS3HaEEATgs1btfzxq15ciUiY7gjSXRGQ==

inflight@^1.0.4:
  version "1.0.6"
  resolved "https://registry.npmjs.org/inflight/-/inflight-1.0.6.tgz"
  integrity sha1-Sb1jMdfQLQwJvJEKEHW6gWW1bfk=
  dependencies:
    once "^1.3.0"
    wrappy "1"

inherits@2:
  version "2.0.3"
  resolved "https://registry.npmjs.org/inherits/-/inherits-2.0.3.tgz"
  integrity sha1-Yzwsg+PaQqUC9SRmAiSA9CCCYd4=

is-reference@1.2.1:
  version "1.2.1"
  resolved "https://registry.npmjs.org/is-reference/-/is-reference-1.2.1.tgz"
  integrity sha512-U82MsXXiFIrjCK4otLT+o2NA2Cd2g5MLoOVXUZjIOhLurrRxpEXzI8O0KZHr3IjLvlAH1kTPYSuqer5T9ZVBKQ==
  dependencies:
    "@types/estree" "*"

isexe@^2.0.0:
  version "2.0.0"
  resolved "https://registry.npmjs.org/isexe/-/isexe-2.0.0.tgz"
  integrity sha512-RHxMLp9lnKHGHRng9QFhRCMbYAcVpn69smSGcq3f36xjgVVWThj4qqLbTLlq7Ssj8B+fIQ1EuCEGI2lKsyQeIw==

"js-tokens@^3.0.0 || ^4.0.0":
  version "4.0.0"
  resolved "https://registry.npmjs.org/js-tokens/-/js-tokens-4.0.0.tgz"
  integrity sha512-RdJUflcE3cUzKiMqQgsCu06FPu9UdIJO0beYbPhHN4k6apgJtifcoCtT9bcxOpYBtpD2kCM6Sbzg4CausW/PKQ==

json-schema-traverse@^0.4.1:
  version "0.4.1"
  resolved "https://registry.npmjs.org/json-schema-traverse/-/json-schema-traverse-0.4.1.tgz"
  integrity sha512-xbbCH5dCYU5T8LcEhhuh7HJ88HXuW3qsI3Y0zOZFKfZEHcpWiHU/Jxzk629Brsab/mMiHQti9wMP+845RPe3Vg==

json5@^2.1.2:
  version "2.2.3"
  resolved "https://registry.npmjs.org/json5/-/json5-2.2.3.tgz"
  integrity sha512-XmOWe7eyHYH14cLdVPoyg+GOH3rYX++KpzrylJwSW98t3Nk+U8XOl8FWKOgwtzdb8lXGf6zYwDUzeHMWfxasyg==

lie@3.1.1:
  version "3.1.1"
  resolved "https://registry.npmjs.org/lie/-/lie-3.1.1.tgz"
  integrity sha512-RiNhHysUjhrDQntfYSfY4MU24coXXdEOgw9WGcKHNeEwffDYbF//u87M1EWaMGzuFoSbqW0C9C6lEEhDOAswfw==
  dependencies:
    immediate "~3.0.5"

loader-utils@^2.0.0:
  version "2.0.4"
  resolved "https://registry.npmjs.org/loader-utils/-/loader-utils-2.0.4.tgz"
  integrity sha512-xXqpXoINfFhgua9xiqD8fPFHgkoq1mmmpE92WlDbm9rNRd/EbRb+Gqf908T2DMfuHjjJlksiK2RbHVOdD/MqSw==
  dependencies:
    big.js "^5.2.2"
    emojis-list "^3.0.0"
    json5 "^2.1.2"

localforage@^1.8.1:
  version "1.10.0"
  resolved "https://registry.npmjs.org/localforage/-/localforage-1.10.0.tgz"
  integrity sha512-14/H1aX7hzBBmmh7sGPd+AOMkkIrHM3Z1PAyGgZigA1H1p5O5ANnMyWzvpAETtG68/dC4pC0ncy3+PPGzXZHPg==
  dependencies:
    lie "3.1.1"

lodash@^4.17.20:
  version "4.17.21"
  resolved "https://registry.npmjs.org/lodash/-/lodash-4.17.21.tgz"
  integrity sha512-v2kDEe57lecTulaDIuNTPy3Ry4gLGJ6Z1O3vE1krgXZNrsQ+LFTGHVxVjcXPs17LhbZVGedAJv8XZ1tvj5FvSg==

loose-envify@^1.1.0:
  version "1.4.0"
  resolved "https://registry.npmjs.org/loose-envify/-/loose-envify-1.4.0.tgz"
  integrity sha512-lyuxPGr/Wfhrlem2CL/UcnUc1zcqKAImBDzukY7Y5F/yQiNdko6+fRLevlw1HgMySw7f611UIY408EtxRSoK3Q==
  dependencies:
    js-tokens "^3.0.0 || ^4.0.0"

lru_map@^0.3.3:
  version "0.3.3"
  resolved "https://registry.npmjs.org/lru_map/-/lru_map-0.3.3.tgz"
  integrity sha512-Pn9cox5CsMYngeDbmChANltQl+5pi6XmTrraMSzhPmMBbmgcxmqWry0U3PGapCU1yB4/LqCcom7qhHZiF/jGfQ==

magic-string@^0.27.0:
  version "0.27.0"
  resolved "https://registry.npmjs.org/magic-string/-/magic-string-0.27.0.tgz"
  integrity sha512-8UnnX2PeRAPZuN12svgR9j7M1uWMovg/CEnIwIG0LFkXSJJe4PdfUGiTGl8V9bsBHFUtfVINcSyYxd7q+kx9fA==
  dependencies:
    "@jridgewell/sourcemap-codec" "^1.4.13"

mime-db@1.52.0:
  version "1.52.0"
  resolved "https://registry.npmjs.org/mime-db/-/mime-db-1.52.0.tgz"
  integrity sha512-sPU4uV7dYlvtWJxwwxHD0PuihVNiE7TyAbQ5SWxDCB9mUYvOgroQOwYQQOKPJ8CIbE+1ETVlOoK1UC2nU3gYvg==

mime-types@^2.1.27:
  version "2.1.35"
  resolved "https://registry.npmjs.org/mime-types/-/mime-types-2.1.35.tgz"
  integrity sha512-ZDY+bPm5zTTF+YpCrAU9nK0UgICYPT0QtT1NZWFv4s++TNkcgVaT0g6+4R2uI4MjQjzysHB1zxuWL50hzaeXiw==
  dependencies:
    mime-db "1.52.0"

minimatch@^5.0.1:
  version "5.1.6"
  resolved "https://registry.npmjs.org/minimatch/-/minimatch-5.1.6.tgz"
  integrity sha512-lKwV/1brpG6mBUFHtb7NUmtABCb2WZZmm2wNiOA5hAb8VdCS4B3dtMWyvcoViccwAW/COERjXLt0zP1zXUN26g==
  dependencies:
    brace-expansion "^2.0.1"

minimist@^1.2.6:
  version "1.2.8"
  resolved "https://registry.npmjs.org/minimist/-/minimist-1.2.8.tgz"
  integrity sha512-2yyAR8qBkN3YuheJanUpWC5U3bb5osDywNB8RzDVlDwDHbocAJveqqj1u8+SVD7jkWT4yvsHCpWqqWqAxb0zCA==

mkdirp@^0.5.5:
  version "0.5.6"
  resolved "https://registry.npmjs.org/mkdirp/-/mkdirp-0.5.6.tgz"
  integrity sha512-FP+p8RB8OWpF3YZBCrP5gtADmtXApB5AMLn+vdyA+PyxCjrCs00mjyUozssO33cwDeT3wNGdLxJ5M//YqtHAJw==
  dependencies:
    minimist "^1.2.6"

mrmime@^1.0.0:
  version "1.0.1"
  resolved "https://registry.npmjs.org/mrmime/-/mrmime-1.0.1.tgz"
  integrity sha512-hzzEagAgDyoU1Q6yg5uI+AorQgdvMCur3FcKf7NhMKWsaYg+RnbTyHRa/9IlLF9rf455MOCtcqqrQQ83pPP7Uw==

ms@2.1.2:
  version "2.1.2"
  resolved "https://registry.npmjs.org/ms/-/ms-2.1.2.tgz"
  integrity sha512-sGkPx+VjMtmA6MX27oA4FBFELFCZZ4S4XqeGOXCv68tT+jb3vk/RyaKWP0PTKyWtmLSM0b+adUTEvbs1PEaH2w==

nanoid@^3.1.30:
  version "3.3.6"
  resolved "https://registry.npmjs.org/nanoid/-/nanoid-3.3.6.tgz"
  integrity sha512-BGcqMMJuToF7i1rt+2PWSNVnWIkGCU78jBG3RxO/bZlnZPK2Cmi2QaffxGO/2RvWi9sL+FAiRiXMgsyxQ1DIDA==

next-fonts@^1.5.1:
  version "1.5.1"
  resolved "https://registry.npmjs.org/next-fonts/-/next-fonts-1.5.1.tgz"
  integrity sha512-pgEJ40xO1oRhM6RqhQJ9CzuZOFp6Zq+aAD/V1P9sq/wdepvLzhFxDm3lCZNoE7+78NSuMKgT6b1qeXSsqWuUMQ==
  dependencies:
    file-loader "^6.0.0"
    url-loader "^4.0.0"

next-transpile-modules@^9.0.0:
  version "9.1.0"
  resolved "https://registry.npmjs.org/next-transpile-modules/-/next-transpile-modules-9.1.0.tgz"
  integrity sha512-yzJji65xDqcIqjvx5vPJcs1M+MYQTzLM1pXH/qf8Q88ohx+bwVGDc1AeV+HKr1NwvMCNTpwVPSFI7cA5WdyeWA==
  dependencies:
    enhanced-resolve "^5.10.0"
    escalade "^3.1.1"

next@12.2.2:
  version "12.2.2"
  resolved "https://registry.npmjs.org/next/-/next-12.2.2.tgz"
  integrity sha512-zAYFY45aBry/PlKONqtlloRFqU/We3zWYdn2NoGvDZkoYUYQSJC8WMcalS5C19MxbCZLUVCX7D7a6gTGgl2yLg==
  dependencies:
    "@next/env" "12.2.2"
    "@swc/helpers" "0.4.2"
    caniuse-lite "^1.0.30001332"
    postcss "8.4.5"
    styled-jsx "5.0.2"
    use-sync-external-store "1.1.0"
  optionalDependencies:
    "@next/swc-android-arm-eabi" "12.2.2"
    "@next/swc-android-arm64" "12.2.2"
    "@next/swc-darwin-arm64" "12.2.2"
    "@next/swc-darwin-x64" "12.2.2"
    "@next/swc-freebsd-x64" "12.2.2"
    "@next/swc-linux-arm-gnueabihf" "12.2.2"
    "@next/swc-linux-arm64-gnu" "12.2.2"
    "@next/swc-linux-arm64-musl" "12.2.2"
    "@next/swc-linux-x64-gnu" "12.2.2"
    "@next/swc-linux-x64-musl" "12.2.2"
    "@next/swc-win32-arm64-msvc" "12.2.2"
    "@next/swc-win32-ia32-msvc" "12.2.2"
    "@next/swc-win32-x64-msvc" "12.2.2"

node-fetch@^2.6.7:
  version "2.6.11"
  resolved "https://registry.npmjs.org/node-fetch/-/node-fetch-2.6.11.tgz"
  integrity sha512-4I6pdBY1EthSqDmJkiNk3JIT8cswwR9nfeW/cPdUagJYEQG7R95WRH74wpz7ma8Gh/9dI9FP+OU+0E4FvtA55w==
  dependencies:
    whatwg-url "^5.0.0"

object-assign@^4.1.1:
  version "4.1.1"
  resolved "https://registry.npmjs.org/object-assign/-/object-assign-4.1.1.tgz"
  integrity sha1-IQmtx5ZYh8/AXLvUQsrIv7s2CGM=

once@^1.3.0:
  version "1.4.0"
  resolved "https://registry.npmjs.org/once/-/once-1.4.0.tgz"
  integrity sha1-WDsap3WWHUsROsF9nFC6753Xa9E=
  dependencies:
    wrappy "1"

opener@^1.5.2:
  version "1.5.2"
  resolved "https://registry.npmjs.org/opener/-/opener-1.5.2.tgz"
  integrity sha512-ur5UIdyw5Y7yEj9wLzhqXiy6GZ3Mwx0yGI+5sMn2r0N0v3cKJvUmFH5yPP+WXh9e0xfyzyJX95D8l088DNFj7A==

picocolors@^1.0.0:
  version "1.0.0"
  resolved "https://registry.npmjs.org/picocolors/-/picocolors-1.0.0.tgz"
  integrity sha512-1fygroTLlHu66zi26VoTDv8yRgm0Fccecssto+MhsZ0D/DGW2sm8E8AjW7NU5VVTRt5GxbeZ5qBuJr+HyLYkjQ==

picomatch@^2.3.1:
  version "2.3.1"
  resolved "https://registry.npmjs.org/picomatch/-/picomatch-2.3.1.tgz"
  integrity sha512-JU3teHTNjmE2VCGFzuY8EXzCDVwEqB2a8fsIvwaStHhAWJEeVd1o1QD80CU6+ZdEXXSLbSsuLwJjkCBWqRQUVA==

postcss@8.4.5:
  version "8.4.5"
  resolved "https://registry.npmjs.org/postcss/-/postcss-8.4.5.tgz"
  integrity sha512-jBDboWM8qpaqwkMwItqTQTiFikhs/67OYVvblFFTM7MrZjt6yMKd6r2kgXizEbTTljacm4NldIlZnhbjr84QYg==
  dependencies:
    nanoid "^3.1.30"
    picocolors "^1.0.0"
    source-map-js "^1.0.1"

progress@^2.0.3:
  version "2.0.3"
  resolved "https://registry.npmjs.org/progress/-/progress-2.0.3.tgz"
  integrity sha512-7PiHtLll5LdnKIMw100I+8xJXR5gW2QwWYkT6iJva0bXitZKa/XMrSbdmg3r2Xnaidz9Qumd0VPaMrZlF9V9sA==

proxy-from-env@^1.1.0:
  version "1.1.0"
  resolved "https://registry.npmjs.org/proxy-from-env/-/proxy-from-env-1.1.0.tgz"
  integrity sha512-D+zkORCbA9f1tdWRK0RaCR3GPv50cMxcrz4X8k5LTSUD1Dkw47mKJEZQNunItRTkWwgtaUSo1RVFRIG9ZXiFYg==

punycode@^2.1.0:
  version "2.1.1"
  resolved "https://registry.npmjs.org/punycode/-/punycode-2.1.1.tgz"
  integrity sha512-XRsRjdf+j5ml+y/6GKHPZbrF/8p2Yga0JPtdqTIY2Xe5ohJPD9saDJJLPvp9+NSBprVvevdXZybnj2cv8OEd0A==

react-dom@17.0.2:
  version "17.0.2"
  resolved "https://registry.npmjs.org/react-dom/-/react-dom-17.0.2.tgz"
  integrity sha512-s4h96KtLDUQlsENhMn1ar8t2bEa+q/YAtj8pPPdIjPDGBDIVNsrD9aXNWqspUe6AzKCIG0C1HZZLqLV7qpOBGA==
  dependencies:
    loose-envify "^1.1.0"
    object-assign "^4.1.1"
    scheduler "^0.20.2"

react-is@^16.7.0:
  version "16.13.1"
  resolved "https://registry.npmjs.org/react-is/-/react-is-16.13.1.tgz"
  integrity sha512-24e6ynE2H+OKt4kqsOvNd8kBpV65zoxbA4BVsEOB3ARVWQki/DHzaUoC5KuON/BiccDaCCTZBuOcfZs70kR8bQ==

react@17.0.2:
  version "17.0.2"
  resolved "https://registry.npmjs.org/react/-/react-17.0.2.tgz"
  integrity sha512-gnhPt75i/dq/z3/6q/0asP78D0u592D5L1pd7M8P+dck6Fu/jJeL6iVVK23fptSUZj8Vjf++7wXA8UNclGQcbA==
  dependencies:
    loose-envify "^1.1.0"
    object-assign "^4.1.1"

rollup@2.78.0:
  version "2.78.0"
  resolved "https://registry.npmjs.org/rollup/-/rollup-2.78.0.tgz"
  integrity sha512-4+YfbQC9QEVvKTanHhIAFVUFSRsezvQF8vFOJwtGfb9Bb+r014S+qryr9PSmw8x6sMnPkmFBGAvIFVQxvJxjtg==
  optionalDependencies:
    fsevents "~2.3.2"

scheduler@^0.20.2:
  version "0.20.2"
  resolved "https://registry.npmjs.org/scheduler/-/scheduler-0.20.2.tgz"
  integrity sha512-2eWfGgAqqWFGqtdMmcL5zCMK1U8KlXv8SQFGglL3CEtd0aDVDWgeF/YoCmvln55m5zSk3J/20hTaSBeSObsQDQ==
  dependencies:
    loose-envify "^1.1.0"
    object-assign "^4.1.1"

schema-utils@^3.0.0:
  version "3.1.2"
  resolved "https://registry.npmjs.org/schema-utils/-/schema-utils-3.1.2.tgz"
  integrity sha512-pvjEHOgWc9OWA/f/DE3ohBWTD6EleVLf7iFUkoSwAxttdBhB9QUebQgxER2kWueOvRJXPHNnyrvvh9eZINB8Eg==
  dependencies:
    "@types/json-schema" "^7.0.8"
    ajv "^6.12.5"
    ajv-keywords "^3.5.2"

sirv@^1.0.7:
  version "1.0.19"
  resolved "https://registry.npmjs.org/sirv/-/sirv-1.0.19.tgz"
  integrity sha512-JuLThK3TnZG1TAKDwNIqNq6QA2afLOCcm+iE8D1Kj3GA40pSPsxQjjJl0J8X3tsR7T+CP1GavpzLwYkgVLWrZQ==
  dependencies:
    "@polka/url" "^1.0.0-next.20"
    mrmime "^1.0.0"
    totalist "^1.0.0"

source-map-js@^1.0.1:
  version "1.0.2"
  resolved "https://registry.npmjs.org/source-map-js/-/source-map-js-1.0.2.tgz"
  integrity sha512-R0XvVJ9WusLiqTCEiGCmICCMplcCkIwwR11mOSD9CR5u+IXYdiseeEuXCVAjS54zqwkLcPNnmU4OeJ6tUrWhDw==

stacktrace-parser@^0.1.10:
  version "0.1.10"
  resolved "https://registry.npmjs.org/stacktrace-parser/-/stacktrace-parser-0.1.10.tgz"
  integrity sha512-KJP1OCML99+8fhOHxwwzyWrlUuVX5GQ0ZpJTd1DFXhdkrvg1szxfHhawXUZ3g9TkXORQd4/WG68jMlQZ2p8wlg==
  dependencies:
    type-fest "^0.7.1"

styled-jsx@5.0.2:
  version "5.0.2"
  resolved "https://registry.npmjs.org/styled-jsx/-/styled-jsx-5.0.2.tgz"
  integrity sha512-LqPQrbBh3egD57NBcHET4qcgshPks+yblyhPlH2GY8oaDgKs8SK4C3dBh3oSJjgzJ3G5t1SYEZGHkP+QEpX9EQ==

supports-color@^7.1.0:
  version "7.2.0"
  resolved "https://registry.npmjs.org/supports-color/-/supports-color-7.2.0.tgz"
  integrity sha512-qpCAvRl9stuOHveKsn7HncJRvv501qIacKzQlO/+Lwxc9+0q2wLyv4Dfvt80/DPn2pqOBsJdDiogXGR9+OvwRw==
  dependencies:
    has-flag "^4.0.0"

tapable@^2.2.0:
  version "2.2.1"
  resolved "https://registry.npmjs.org/tapable/-/tapable-2.2.1.tgz"
  integrity sha512-GNzQvQTOIP6RyTfE2Qxb8ZVlNmw0n88vp1szwWRimP02mnTsx3Wtn5qRdqY9w2XduFNUgvOwhNnQsjwCp+kqaQ==

totalist@^1.0.0:
  version "1.1.0"
  resolved "https://registry.npmjs.org/totalist/-/totalist-1.1.0.tgz"
  integrity sha512-gduQwd1rOdDMGxFG1gEvhV88Oirdo2p+KjoYFU7k2g+i7n6AFFbDQ5kMPUsW0pNbfQsB/cwXvT1i4Bue0s9g5g==

tr46@~0.0.3:
  version "0.0.3"
  resolved "https://registry.npmjs.org/tr46/-/tr46-0.0.3.tgz"
  integrity sha512-N3WMsuqV66lT30CrXNbEjx4GEwlow3v6rr4mCcv6prnfwhS01rkgyFdjPNBYd9br7LpXV1+Emh01fHnq2Gdgrw==

tslib@^1.9.3:
  version "1.14.1"
  resolved "https://registry.npmjs.org/tslib/-/tslib-1.14.1.tgz"
  integrity sha512-Xni35NKzjgMrwevysHTCArtLDpPvye8zV/0E4EyYn43P7/7qvQwPh9BGkHewbMulVntbigmcT7rdX3BNo9wRJg==

tslib@^2.4.0:
  version "2.5.2"
  resolved "https://registry.npmjs.org/tslib/-/tslib-2.5.2.tgz"
  integrity sha512-5svOrSA2w3iGFDs1HibEVBGbDrAY82bFQ3HZ3ixB+88nsbsWQoKqDRb5UBYAUPEzbBn6dAp5gRNXglySbx1MlA==

type-fest@^0.7.1:
  version "0.7.1"
  resolved "https://registry.npmjs.org/type-fest/-/type-fest-0.7.1.tgz"
  integrity sha512-Ne2YiiGN8bmrmJJEuTWTLJR32nh/JdL1+PSicowtNb0WFpn59GK8/lfD61bVtzguz7b3PBt74nxpv/Pw5po5Rg==

typescript@4.9.3:
  version "4.9.3"
  resolved "https://registry.npmjs.org/typescript/-/typescript-4.9.3.tgz"
  integrity sha512-CIfGzTelbKNEnLpLdGFgdyKhG23CKdKgQPOBc+OUNrkJ2vr+KSzsSV5kq5iWhEQbok+quxgGzrAtGWCyU7tHnA==

uri-js@^4.2.2:
  version "4.2.2"
  resolved "https://registry.npmjs.org/uri-js/-/uri-js-4.2.2.tgz"
  integrity sha512-KY9Frmirql91X2Qgjry0Wd4Y+YTdrdZheS8TFwvkbLWf/G5KNJDCh6pKL5OZctEW4+0Baa5idK2ZQuELRwPznQ==
  dependencies:
    punycode "^2.1.0"

url-loader@^4.0.0:
  version "4.1.1"
  resolved "https://registry.npmjs.org/url-loader/-/url-loader-4.1.1.tgz"
  integrity sha512-3BTV812+AVHHOJQO8O5MkWgZ5aosP7GnROJwvzLS9hWDj00lZ6Z0wNak423Lp9PBZN05N+Jk/N5Si8jRAlGyWA==
  dependencies:
    loader-utils "^2.0.0"
    mime-types "^2.1.27"
    schema-utils "^3.0.0"

use-sync-external-store@1.1.0:
  version "1.1.0"
  resolved "https://registry.npmjs.org/use-sync-external-store/-/use-sync-external-store-1.1.0.tgz"
  integrity sha512-SEnieB2FPKEVne66NpXPd1Np4R1lTNKfjuy3XdIoPQKYBAFdzbzSZlSn1KJZUiihQLQC5Znot4SBz1EOTBwQAQ==

webidl-conversions@^3.0.0:
  version "3.0.1"
  resolved "https://registry.npmjs.org/webidl-conversions/-/webidl-conversions-3.0.1.tgz"
  integrity sha512-2JAn3z8AR6rjK8Sm8orRC0h/bcl/DqL7tRPdGZ4I1CjdF+EaMLmYxBHyXuKL849eucPFhvBoxMsflfOb8kxaeQ==

webpack-bundle-analyzer@4.7.0:
  version "4.7.0"
  resolved "https://registry.npmjs.org/webpack-bundle-analyzer/-/webpack-bundle-analyzer-4.7.0.tgz"
  integrity sha512-j9b8ynpJS4K+zfO5GGwsAcQX4ZHpWV+yRiHDiL+bE0XHJ8NiPYLTNVQdlFYWxtpg9lfAQNlwJg16J9AJtFSXRg==
  dependencies:
    acorn "^8.0.4"
    acorn-walk "^8.0.0"
    chalk "^4.1.0"
    commander "^7.2.0"
    gzip-size "^6.0.0"
    lodash "^4.17.20"
    opener "^1.5.2"
    sirv "^1.0.7"
    ws "^7.3.1"

"webpack-sources@^2.0.0 || ^3.0.0":
  version "3.2.3"
  resolved "https://registry.npmjs.org/webpack-sources/-/webpack-sources-3.2.3.tgz"
  integrity sha512-/DyMEOrDgLKKIG0fmvtz+4dUX/3Ghozwgm6iPp8KRhvn+eQf9+Q7GWxVNMk3+uCPWfdXYC4ExGBckIXdFEfH1w==

whatwg-url@^5.0.0:
  version "5.0.0"
  resolved "https://registry.npmjs.org/whatwg-url/-/whatwg-url-5.0.0.tgz"
  integrity sha512-saE57nupxk6v3HY35+jzBwYa0rKSy0XR8JSxZPwgLr7ys0IBzhGviA1/TUGJLmSVqs8pb9AnvICXEuOHLprYTw==
  dependencies:
    tr46 "~0.0.3"
    webidl-conversions "^3.0.0"

which@^2.0.2:
  version "2.0.2"
  resolved "https://registry.npmjs.org/which/-/which-2.0.2.tgz"
  integrity sha512-BLI3Tl1TW3Pvl70l3yq3Y64i+awpwXqsGBYWkkqMtnbXgrMD+yj7rhW0kuEDxzJaYXGjEW5ogapKNMEKNMjibA==
  dependencies:
    isexe "^2.0.0"

wrappy@1:
  version "1.0.2"
  resolved "https://registry.npmjs.org/wrappy/-/wrappy-1.0.2.tgz"
  integrity sha1-tSQ9jz7BqjXxNkYFvA0QNuMKtp8=

ws@^7.3.1:
  version "7.5.9"
  resolved "https://registry.npmjs.org/ws/-/ws-7.5.9.tgz"
  integrity sha512-F+P9Jil7UiSKSkppIiD94dN07AwvFixvLIj1Og1Rl9GGMuNipJnV9JzjD6XuqmAeiswGvUmNLjr5cFuXwNS77Q==
